// !$*UTF8*$!
{
	archiveVersion = 1;
	classes = {
	};
	objectVersion = 51;
	objects = {

/* Begin PBXBuildFile section */
		5ABBED16C8B37502230B35C0 /* Pods_Simple_Instrument_Tuner.framework in Frameworks */ = {isa = PBXBuildFile; fileRef = BB0DCBFF1BA7BD84F7379A50 /* Pods_Simple_Instrument_Tuner.framework */; };
		6509D1B124557CAD005D2351 /* StoreKit.framework in Frameworks */ = {isa = PBXBuildFile; fileRef = 6509D1B024557CAD005D2351 /* StoreKit.framework */; };
		65142638245C87EF002E7E82 /* Localizable.strings in Resources */ = {isa = PBXBuildFile; fileRef = 6514263A245C87EF002E7E82 /* Localizable.strings */; };
		652BC0DB242A2C0D00F60B83 /* VolumeMeterViewController.swift in Sources */ = {isa = PBXBuildFile; fileRef = 652BC0D9242A2C0C00F60B83 /* VolumeMeterViewController.swift */; };
		652BC0DE242A2C0D00F60B83 /* VolumeMeter.storyboard in Resources */ = {isa = PBXBuildFile; fileRef = 652BC0DA242A2C0C00F60B83 /* VolumeMeter.storyboard */; };
		652BC0E2242A2C6F00F60B83 /* volumeMeterPattern.png in Resources */ = {isa = PBXBuildFile; fileRef = 652BC0E1242A2C6E00F60B83 /* volumeMeterPattern.png */; };
		652BC0E6242A582400F60B83 /* DeviationMeter.storyboard in Resources */ = {isa = PBXBuildFile; fileRef = 652BC0E5242A582400F60B83 /* DeviationMeter.storyboard */; };
		652BC0EA242A583C00F60B83 /* DeviationMeterViewController.swift in Sources */ = {isa = PBXBuildFile; fileRef = 652BC0E9242A583C00F60B83 /* DeviationMeterViewController.swift */; };
		652BC0EF242A69A300F60B83 /* Constants.swift in Sources */ = {isa = PBXBuildFile; fileRef = 652BC0EE242A69A300F60B83 /* Constants.swift */; };
		652BC0F7242BEC7500F60B83 /* bridge.png in Resources */ = {isa = PBXBuildFile; fileRef = 652BC0F6242BEC7500F60B83 /* bridge.png */; };
		652BC0FB242BECFB00F60B83 /* Bridge.storyboard in Resources */ = {isa = PBXBuildFile; fileRef = 652BC0FA242BECFB00F60B83 /* Bridge.storyboard */; };
		652BC0FF242BED0F00F60B83 /* BridgeViewController.swift in Sources */ = {isa = PBXBuildFile; fileRef = 652BC0FE242BED0F00F60B83 /* BridgeViewController.swift */; };
		652BC103242BF64B00F60B83 /* string.png in Resources */ = {isa = PBXBuildFile; fileRef = 652BC102242BF64B00F60B83 /* string.png */; };
		652BC110242CC39900F60B83 /* Conductor.swift in Sources */ = {isa = PBXBuildFile; fileRef = 652BC10B242CC39900F60B83 /* Conductor.swift */; };
		652BC113242CC39900F60B83 /* Fatten.swift in Sources */ = {isa = PBXBuildFile; fileRef = 652BC10C242CC39900F60B83 /* Fatten.swift */; };
		652BC116242CC39900F60B83 /* PingPongDelay.swift in Sources */ = {isa = PBXBuildFile; fileRef = 652BC10D242CC39900F60B83 /* PingPongDelay.swift */; };
		652BC119242CC39900F60B83 /* FilterSection.swift in Sources */ = {isa = PBXBuildFile; fileRef = 652BC10E242CC39900F60B83 /* FilterSection.swift */; };
		652BC11C242CC39900F60B83 /* AutoPan.swift in Sources */ = {isa = PBXBuildFile; fileRef = 652BC10F242CC39900F60B83 /* AutoPan.swift */; };
		652BC120242CDA3400F60B83 /* Sounds in Resources */ = {isa = PBXBuildFile; fileRef = 652BC11F242CDA3400F60B83 /* Sounds */; };
		652BC125242CDABF00F60B83 /* AudioToolbox.framework in Frameworks */ = {isa = PBXBuildFile; fileRef = 652BC124242CDABF00F60B83 /* AudioToolbox.framework */; };
		653216EC242FB93A00BE1CAE /* NoteButton.swift in Sources */ = {isa = PBXBuildFile; fileRef = 653216EB242FB93A00BE1CAE /* NoteButton.swift */; };
		653216F0242FC38200BE1CAE /* Note.swift in Sources */ = {isa = PBXBuildFile; fileRef = 653216EF242FC38200BE1CAE /* Note.swift */; };
		653216F62430E7CE00BE1CAE /* FrequencyLabel.swift in Sources */ = {isa = PBXBuildFile; fileRef = 653216F52430E7CD00BE1CAE /* FrequencyLabel.swift */; };
		6532522A243B36420004005C /* PKIAPHandler.swift in Sources */ = {isa = PBXBuildFile; fileRef = 65325229243B36420004005C /* PKIAPHandler.swift */; };
		6532522C243BB4FD0004005C /* Instruments.plist in Resources */ = {isa = PBXBuildFile; fileRef = 6532522B243BB4FD0004005C /* Instruments.plist */; };
		6532522E243C6C990004005C /* KeyChain.swift in Sources */ = {isa = PBXBuildFile; fileRef = 6532522D243C6C990004005C /* KeyChain.swift */; };
		65325230243C7A640004005C /* Utils.swift in Sources */ = {isa = PBXBuildFile; fileRef = 6532522F243C7A640004005C /* Utils.swift */; };
		654FE608244496E30046AFCC /* iOSDropDown.swift in Sources */ = {isa = PBXBuildFile; fileRef = 654FE607244496E30046AFCC /* iOSDropDown.swift */; };
		655585F7243A25BC004A94C0 /* SettingsViewController.swift in Sources */ = {isa = PBXBuildFile; fileRef = 655585F6243A25BC004A94C0 /* SettingsViewController.swift */; };
		655585FD243A53ED004A94C0 /* guitarSymbol.png in Resources */ = {isa = PBXBuildFile; fileRef = 655585FC243A53ED004A94C0 /* guitarSymbol.png */; };
		65558603243A5706004A94C0 /* balalaikaSymbol.png in Resources */ = {isa = PBXBuildFile; fileRef = 655585FE243A5705004A94C0 /* balalaikaSymbol.png */; };
		65558604243A5706004A94C0 /* banjoSymbol.png in Resources */ = {isa = PBXBuildFile; fileRef = 655585FF243A5705004A94C0 /* banjoSymbol.png */; };
		65558605243A5706004A94C0 /* mandolinSymbol.png in Resources */ = {isa = PBXBuildFile; fileRef = 65558600243A5705004A94C0 /* mandolinSymbol.png */; };
		65558606243A5706004A94C0 /* ukuleleSymbol.png in Resources */ = {isa = PBXBuildFile; fileRef = 65558601243A5705004A94C0 /* ukuleleSymbol.png */; };
		65558607243A5706004A94C0 /* violinSymbol.png in Resources */ = {isa = PBXBuildFile; fileRef = 65558602243A5705004A94C0 /* violinSymbol.png */; };
		65585A6E24334A74002CD214 /* DisplayContainer.swift in Sources */ = {isa = PBXBuildFile; fileRef = 65585A6D24334A74002CD214 /* DisplayContainer.swift */; };
		65585A7A2433508C002CD214 /* DisplayViewController.swift in Sources */ = {isa = PBXBuildFile; fileRef = 65585A792433508B002CD214 /* DisplayViewController.swift */; };
		65585A7E243350A7002CD214 /* Display.storyboard in Resources */ = {isa = PBXBuildFile; fileRef = 65585A7D243350A7002CD214 /* Display.storyboard */; };
		65585A822433A793002CD214 /* DisplayModeButton.swift in Sources */ = {isa = PBXBuildFile; fileRef = 65585A812433A793002CD214 /* DisplayModeButton.swift */; };
		6559D82D244D856900863CE7 /* CalibrationLabel.swift in Sources */ = {isa = PBXBuildFile; fileRef = 6559D82C244D856900863CE7 /* CalibrationLabel.swift */; };
		6559D85E244E20AF00863CE7 /* upgradeButton.png in Resources */ = {isa = PBXBuildFile; fileRef = 6559D85D244E20AE00863CE7 /* upgradeButton.png */; };
		6559D860244E20B800863CE7 /* restoreButton.png in Resources */ = {isa = PBXBuildFile; fileRef = 6559D85F244E20B800863CE7 /* restoreButton.png */; };
		656E9E34245C259C00B06582 /* ActivityIndicatorView.xib in Resources */ = {isa = PBXBuildFile; fileRef = 656E9E33245C259B00B06582 /* ActivityIndicatorView.xib */; };
		656E9E36245C265600B06582 /* ActivityIndicatorView.swift in Sources */ = {isa = PBXBuildFile; fileRef = 656E9E35245C265600B06582 /* ActivityIndicatorView.swift */; };
		6573CDF82452115500C10A3C /* premium.png in Resources */ = {isa = PBXBuildFile; fileRef = 6573CDF62452115500C10A3C /* premium.png */; };
		6573CDF92452115500C10A3C /* calibration.png in Resources */ = {isa = PBXBuildFile; fileRef = 6573CDF72452115500C10A3C /* calibration.png */; };
		6573CDFC245211B400C10A3C /* violin.png in Resources */ = {isa = PBXBuildFile; fileRef = 6573CDFA245211B400C10A3C /* violin.png */; };
		6573CE00245211C200C10A3C /* guitar.png in Resources */ = {isa = PBXBuildFile; fileRef = 6573CDFE245211C100C10A3C /* guitar.png */; };
		6573CE01245211C200C10A3C /* mandolin.png in Resources */ = {isa = PBXBuildFile; fileRef = 6573CDFF245211C100C10A3C /* mandolin.png */; };
		6573CE04245211C800C10A3C /* banjo.png in Resources */ = {isa = PBXBuildFile; fileRef = 6573CE02245211C800C10A3C /* banjo.png */; };
		6573CE05245211C800C10A3C /* balalaika.png in Resources */ = {isa = PBXBuildFile; fileRef = 6573CE03245211C800C10A3C /* balalaika.png */; };
		6573CE07245216A600C10A3C /* ukulele.png in Resources */ = {isa = PBXBuildFile; fileRef = 6573CE06245216A600C10A3C /* ukulele.png */; };
		6576A16A243FA85200970132 /* BezierView.swift in Sources */ = {isa = PBXBuildFile; fileRef = 6576A169243FA85200970132 /* BezierView.swift */; };
		6576A171244254B100970132 /* CalibrationSlider.swift in Sources */ = {isa = PBXBuildFile; fileRef = 6576A170244254B100970132 /* CalibrationSlider.swift */; };
		6576A1752443312400970132 /* StringView.swift in Sources */ = {isa = PBXBuildFile; fileRef = 6576A1742443312400970132 /* StringView.swift */; };
		6576A17B244397E700970132 /* animatedString.gif in Resources */ = {isa = PBXBuildFile; fileRef = 6576A17A244397E700970132 /* animatedString.gif */; };
		6589227A2450C4FB008F871B /* IAPTableViewCell.swift in Sources */ = {isa = PBXBuildFile; fileRef = 658922782450C4FB008F871B /* IAPTableViewCell.swift */; };
		6589227B2450C4FB008F871B /* IAPTableViewCell.xib in Resources */ = {isa = PBXBuildFile; fileRef = 658922792450C4FB008F871B /* IAPTableViewCell.xib */; };
		65A893C2244C97C900B2AB97 /* IAPHandler.swift in Sources */ = {isa = PBXBuildFile; fileRef = 65A893C1244C97C900B2AB97 /* IAPHandler.swift */; };
		65A893C4244CAE6200B2AB97 /* InAppPurchaseViewController.swift in Sources */ = {isa = PBXBuildFile; fileRef = 65A893C3244CAE6200B2AB97 /* InAppPurchaseViewController.swift */; };
		65A893C6244CB1D700B2AB97 /* InAppPurchase.storyboard in Resources */ = {isa = PBXBuildFile; fileRef = 65A893C5244CB1D700B2AB97 /* InAppPurchase.storyboard */; };
		65A893CA244CD53700B2AB97 /* Calibration.storyboard in Resources */ = {isa = PBXBuildFile; fileRef = 65A893C9244CD53700B2AB97 /* Calibration.storyboard */; };
		65A893CC244CD54800B2AB97 /* CalibrationViewController.swift in Sources */ = {isa = PBXBuildFile; fileRef = 65A893CB244CD54800B2AB97 /* CalibrationViewController.swift */; };
		65B60323243728B600BBA23D /* tuningfork.png in Resources */ = {isa = PBXBuildFile; fileRef = 65B60322243728B600BBA23D /* tuningfork.png */; };
		65B603322438D49D00BBA23D /* Main.storyboard in Resources */ = {isa = PBXBuildFile; fileRef = 65B603302438D49C00BBA23D /* Main.storyboard */; };
		65C871C8243D09DD0047DB8F /* NoteLabel.swift in Sources */ = {isa = PBXBuildFile; fileRef = 65C871C7243D09DD0047DB8F /* NoteLabel.swift */; };
		65CCBF5624260D9E00F518D8 /* AppDelegate.swift in Sources */ = {isa = PBXBuildFile; fileRef = 65CCBF5524260D9E00F518D8 /* AppDelegate.swift */; };
		65CCBF5824260D9E00F518D8 /* SceneDelegate.swift in Sources */ = {isa = PBXBuildFile; fileRef = 65CCBF5724260D9E00F518D8 /* SceneDelegate.swift */; };
		65CCBF5A24260D9E00F518D8 /* InstrumentViewController.swift in Sources */ = {isa = PBXBuildFile; fileRef = 65CCBF5924260D9E00F518D8 /* InstrumentViewController.swift */; };
		65CCBF5F24260DA100F518D8 /* Assets.xcassets in Resources */ = {isa = PBXBuildFile; fileRef = 65CCBF5E24260DA100F518D8 /* Assets.xcassets */; };
		65CCBF6224260DA100F518D8 /* LaunchScreen.storyboard in Resources */ = {isa = PBXBuildFile; fileRef = 65CCBF6024260DA100F518D8 /* LaunchScreen.storyboard */; };
		65CCBFFA242621D200F518D8 /* btnActive.png in Resources */ = {isa = PBXBuildFile; fileRef = 65CCBFF8242621D100F518D8 /* btnActive.png */; };
		65CCBFFD242621D200F518D8 /* btnPassive.png in Resources */ = {isa = PBXBuildFile; fileRef = 65CCBFF9242621D200F518D8 /* btnPassive.png */; };
		65CCC0022426268900F518D8 /* ledPassive.png in Resources */ = {isa = PBXBuildFile; fileRef = 65CCC0002426268900F518D8 /* ledPassive.png */; };
		65CCC0052426268900F518D8 /* ledActive.png in Resources */ = {isa = PBXBuildFile; fileRef = 65CCC0012426268900F518D8 /* ledActive.png */; };
		65CCC00A242626BC00F518D8 /* noteButtonPassive.png in Resources */ = {isa = PBXBuildFile; fileRef = 65CCC008242626BC00F518D8 /* noteButtonPassive.png */; };
		65CCC00D242626BC00F518D8 /* noteButtonActive.png in Resources */ = {isa = PBXBuildFile; fileRef = 65CCC009242626BC00F518D8 /* noteButtonActive.png */; };
		65CCC0122426318E00F518D8 /* gaugePatternGreen.png in Resources */ = {isa = PBXBuildFile; fileRef = 65CCC0102426318E00F518D8 /* gaugePatternGreen.png */; };
		65CCC0152426318E00F518D8 /* gaugePattern.png in Resources */ = {isa = PBXBuildFile; fileRef = 65CCC0112426318E00F518D8 /* gaugePattern.png */; };
		65CCC01A2426368600F518D8 /* microphoneOff.png in Resources */ = {isa = PBXBuildFile; fileRef = 65CCC0182426368600F518D8 /* microphoneOff.png */; };
		65CCC01D2426368600F518D8 /* microphoneOn.png in Resources */ = {isa = PBXBuildFile; fileRef = 65CCC0192426368600F518D8 /* microphoneOn.png */; };
		65CCC021242637E700F518D8 /* info.png in Resources */ = {isa = PBXBuildFile; fileRef = 65CCC020242637E700F518D8 /* info.png */; };
		65CCC025242637F400F518D8 /* settings.png in Resources */ = {isa = PBXBuildFile; fileRef = 65CCC024242637F400F518D8 /* settings.png */; };
		65CCC02924263B8B00F518D8 /* gaugeBackground.png in Resources */ = {isa = PBXBuildFile; fileRef = 65CCC02824263B8B00F518D8 /* gaugeBackground.png */; };
		65CCC02E2426683400F518D8 /* gaugeOverlay.png in Resources */ = {isa = PBXBuildFile; fileRef = 65CCC02D2426683400F518D8 /* gaugeOverlay.png */; };
		65CCC03324266C0B00F518D8 /* Gauge.storyboard in Resources */ = {isa = PBXBuildFile; fileRef = 65CCC03224266C0B00F518D8 /* Gauge.storyboard */; };
		65CCC03724266CAA00F518D8 /* GaugeViewController.swift in Sources */ = {isa = PBXBuildFile; fileRef = 65CCC03624266CAA00F518D8 /* GaugeViewController.swift */; };
		65CCC03B2426AD6B00F518D8 /* gaugeScale.png in Resources */ = {isa = PBXBuildFile; fileRef = 65CCC03A2426AD6B00F518D8 /* gaugeScale.png */; };
		65CE479D2448DCFD00E3B2EC /* doubleString.png in Resources */ = {isa = PBXBuildFile; fileRef = 65CE479C2448DCFC00E3B2EC /* doubleString.png */; };
		65CE479F2448E5A200E3B2EC /* settingsPatternLight.png in Resources */ = {isa = PBXBuildFile; fileRef = 65CE479E2448E5A200E3B2EC /* settingsPatternLight.png */; };
		65CE47A12448E93100E3B2EC /* tuningsGradient.png in Resources */ = {isa = PBXBuildFile; fileRef = 65CE47A02448E93100E3B2EC /* tuningsGradient.png */; };
		65FCB7A424478EC3005E142A /* Tuning.storyboard in Resources */ = {isa = PBXBuildFile; fileRef = 65FCB7A324478EC3005E142A /* Tuning.storyboard */; };
		65FCB7A824478F22005E142A /* TuningTableViewController.swift in Sources */ = {isa = PBXBuildFile; fileRef = 65FCB7A724478F22005E142A /* TuningTableViewController.swift */; };
		65FCB7B424479246005E142A /* offButton.png in Resources */ = {isa = PBXBuildFile; fileRef = 65FCB7B124479246005E142A /* offButton.png */; };
		65FCB7B524479246005E142A /* onButton.png in Resources */ = {isa = PBXBuildFile; fileRef = 65FCB7B224479246005E142A /* onButton.png */; };
		65FCB7B624479246005E142A /* shoppingCart.png in Resources */ = {isa = PBXBuildFile; fileRef = 65FCB7B324479246005E142A /* shoppingCart.png */; };
		65FCB7B9244792EC005E142A /* settingsPattern.png in Resources */ = {isa = PBXBuildFile; fileRef = 65FCB7B7244792EC005E142A /* settingsPattern.png */; };
		65FCB7BA244792EC005E142A /* settingsPatternDark.png in Resources */ = {isa = PBXBuildFile; fileRef = 65FCB7B8244792EC005E142A /* settingsPatternDark.png */; };
		65FCB7BC2447934B005E142A /* TuningTableViewCell.swift in Sources */ = {isa = PBXBuildFile; fileRef = 65FCB7BB2447934B005E142A /* TuningTableViewCell.swift */; };
/* End PBXBuildFile section */

/* Begin PBXContainerItemProxy section */
		65CCBF6924260DA100F518D8 /* PBXContainerItemProxy */ = {
			isa = PBXContainerItemProxy;
			containerPortal = 65CCBF4A24260D9E00F518D8 /* Project object */;
			proxyType = 1;
			remoteGlobalIDString = 65CCBF5124260D9E00F518D8;
			remoteInfo = "Simple Instrument Tuner";
		};
		65CCBF7424260DA100F518D8 /* PBXContainerItemProxy */ = {
			isa = PBXContainerItemProxy;
			containerPortal = 65CCBF4A24260D9E00F518D8 /* Project object */;
			proxyType = 1;
			remoteGlobalIDString = 65CCBF5124260D9E00F518D8;
			remoteInfo = "Simple Instrument Tuner";
		};
/* End PBXContainerItemProxy section */

/* Begin PBXFileReference section */
		457E6052D443CDAE029DEBF4 /* Pods-Simple Instrument Tuner.release.xcconfig */ = {isa = PBXFileReference; includeInIndex = 1; lastKnownFileType = text.xcconfig; name = "Pods-Simple Instrument Tuner.release.xcconfig"; path = "Target Support Files/Pods-Simple Instrument Tuner/Pods-Simple Instrument Tuner.release.xcconfig"; sourceTree = "<group>"; };
		6509D1B024557CAD005D2351 /* StoreKit.framework */ = {isa = PBXFileReference; lastKnownFileType = wrapper.framework; name = StoreKit.framework; path = System/Library/Frameworks/StoreKit.framework; sourceTree = SDKROOT; };
		65142634245C8769002E7E82 /* es */ = {isa = PBXFileReference; lastKnownFileType = text.plist.strings; name = es; path = es.lproj/LaunchScreen.strings; sourceTree = "<group>"; };
		65142635245C8772002E7E82 /* de */ = {isa = PBXFileReference; lastKnownFileType = text.plist.strings; name = de; path = de.lproj/LaunchScreen.strings; sourceTree = "<group>"; };
		65142639245C87EF002E7E82 /* en */ = {isa = PBXFileReference; lastKnownFileType = text.plist.strings; name = en; path = en.lproj/Localizable.strings; sourceTree = "<group>"; };
		6514263B245C87F3002E7E82 /* de */ = {isa = PBXFileReference; lastKnownFileType = text.plist.strings; name = de; path = de.lproj/Localizable.strings; sourceTree = "<group>"; };
		6514263C245C87F4002E7E82 /* es */ = {isa = PBXFileReference; lastKnownFileType = text.plist.strings; name = es; path = es.lproj/Localizable.strings; sourceTree = "<group>"; };
		6514263D245C8F7F002E7E82 /* ru */ = {isa = PBXFileReference; lastKnownFileType = text.plist.strings; name = ru; path = ru.lproj/LaunchScreen.strings; sourceTree = "<group>"; };
		6514263E245C8F7F002E7E82 /* ru */ = {isa = PBXFileReference; lastKnownFileType = text.plist.strings; name = ru; path = ru.lproj/Localizable.strings; sourceTree = "<group>"; };
		652BC0D9242A2C0C00F60B83 /* VolumeMeterViewController.swift */ = {isa = PBXFileReference; fileEncoding = 4; lastKnownFileType = sourcecode.swift; path = VolumeMeterViewController.swift; sourceTree = "<group>"; };
		652BC0DA242A2C0C00F60B83 /* VolumeMeter.storyboard */ = {isa = PBXFileReference; fileEncoding = 4; lastKnownFileType = file.storyboard; path = VolumeMeter.storyboard; sourceTree = "<group>"; };
		652BC0E1242A2C6E00F60B83 /* volumeMeterPattern.png */ = {isa = PBXFileReference; lastKnownFileType = image.png; path = volumeMeterPattern.png; sourceTree = "<group>"; };
		652BC0E5242A582400F60B83 /* DeviationMeter.storyboard */ = {isa = PBXFileReference; lastKnownFileType = file.storyboard; path = DeviationMeter.storyboard; sourceTree = "<group>"; };
		652BC0E9242A583C00F60B83 /* DeviationMeterViewController.swift */ = {isa = PBXFileReference; lastKnownFileType = sourcecode.swift; path = DeviationMeterViewController.swift; sourceTree = "<group>"; };
		652BC0EE242A69A300F60B83 /* Constants.swift */ = {isa = PBXFileReference; lastKnownFileType = sourcecode.swift; path = Constants.swift; sourceTree = "<group>"; };
		652BC0F6242BEC7500F60B83 /* bridge.png */ = {isa = PBXFileReference; lastKnownFileType = image.png; path = bridge.png; sourceTree = "<group>"; };
		652BC0FA242BECFB00F60B83 /* Bridge.storyboard */ = {isa = PBXFileReference; lastKnownFileType = file.storyboard; path = Bridge.storyboard; sourceTree = "<group>"; };
		652BC0FE242BED0F00F60B83 /* BridgeViewController.swift */ = {isa = PBXFileReference; lastKnownFileType = sourcecode.swift; path = BridgeViewController.swift; sourceTree = "<group>"; };
		652BC102242BF64B00F60B83 /* string.png */ = {isa = PBXFileReference; lastKnownFileType = image.png; path = string.png; sourceTree = "<group>"; };
		652BC10B242CC39900F60B83 /* Conductor.swift */ = {isa = PBXFileReference; fileEncoding = 4; lastKnownFileType = sourcecode.swift; path = Conductor.swift; sourceTree = "<group>"; };
		652BC10C242CC39900F60B83 /* Fatten.swift */ = {isa = PBXFileReference; fileEncoding = 4; lastKnownFileType = sourcecode.swift; path = Fatten.swift; sourceTree = "<group>"; };
		652BC10D242CC39900F60B83 /* PingPongDelay.swift */ = {isa = PBXFileReference; fileEncoding = 4; lastKnownFileType = sourcecode.swift; path = PingPongDelay.swift; sourceTree = "<group>"; };
		652BC10E242CC39900F60B83 /* FilterSection.swift */ = {isa = PBXFileReference; fileEncoding = 4; lastKnownFileType = sourcecode.swift; path = FilterSection.swift; sourceTree = "<group>"; };
		652BC10F242CC39900F60B83 /* AutoPan.swift */ = {isa = PBXFileReference; fileEncoding = 4; lastKnownFileType = sourcecode.swift; path = AutoPan.swift; sourceTree = "<group>"; };
		652BC11F242CDA3400F60B83 /* Sounds */ = {isa = PBXFileReference; lastKnownFileType = folder; path = Sounds; sourceTree = "<group>"; };
		652BC123242CDABF00F60B83 /* Simple Instrument Tuner.entitlements */ = {isa = PBXFileReference; lastKnownFileType = text.plist.entitlements; path = "Simple Instrument Tuner.entitlements"; sourceTree = "<group>"; };
		652BC124242CDABF00F60B83 /* AudioToolbox.framework */ = {isa = PBXFileReference; lastKnownFileType = wrapper.framework; name = AudioToolbox.framework; path = System/Library/Frameworks/AudioToolbox.framework; sourceTree = SDKROOT; };
		653216E9242D18F800BE1CAE /* CoreAudioKit.framework */ = {isa = PBXFileReference; lastKnownFileType = wrapper.framework; name = CoreAudioKit.framework; path = System/Library/Frameworks/CoreAudioKit.framework; sourceTree = SDKROOT; };
		653216EB242FB93A00BE1CAE /* NoteButton.swift */ = {isa = PBXFileReference; lastKnownFileType = sourcecode.swift; path = NoteButton.swift; sourceTree = "<group>"; };
		653216EF242FC38200BE1CAE /* Note.swift */ = {isa = PBXFileReference; lastKnownFileType = sourcecode.swift; path = Note.swift; sourceTree = "<group>"; };
		653216F52430E7CD00BE1CAE /* FrequencyLabel.swift */ = {isa = PBXFileReference; lastKnownFileType = sourcecode.swift; path = FrequencyLabel.swift; sourceTree = "<group>"; };
		65325229243B36420004005C /* PKIAPHandler.swift */ = {isa = PBXFileReference; lastKnownFileType = sourcecode.swift; path = PKIAPHandler.swift; sourceTree = "<group>"; };
		6532522B243BB4FD0004005C /* Instruments.plist */ = {isa = PBXFileReference; lastKnownFileType = text.plist.xml; path = Instruments.plist; sourceTree = "<group>"; };
		6532522D243C6C990004005C /* KeyChain.swift */ = {isa = PBXFileReference; lastKnownFileType = sourcecode.swift; path = KeyChain.swift; sourceTree = "<group>"; };
		6532522F243C7A640004005C /* Utils.swift */ = {isa = PBXFileReference; lastKnownFileType = sourcecode.swift; path = Utils.swift; sourceTree = "<group>"; };
		654FE607244496E30046AFCC /* iOSDropDown.swift */ = {isa = PBXFileReference; lastKnownFileType = sourcecode.swift; path = iOSDropDown.swift; sourceTree = "<group>"; };
		655585F6243A25BC004A94C0 /* SettingsViewController.swift */ = {isa = PBXFileReference; lastKnownFileType = sourcecode.swift; path = SettingsViewController.swift; sourceTree = "<group>"; };
		655585F8243A4ACF004A94C0 /* iOSDropDown.framework */ = {isa = PBXFileReference; explicitFileType = wrapper.framework; path = iOSDropDown.framework; sourceTree = BUILT_PRODUCTS_DIR; };
		655585FC243A53ED004A94C0 /* guitarSymbol.png */ = {isa = PBXFileReference; lastKnownFileType = image.png; path = guitarSymbol.png; sourceTree = "<group>"; };
		655585FE243A5705004A94C0 /* balalaikaSymbol.png */ = {isa = PBXFileReference; lastKnownFileType = image.png; path = balalaikaSymbol.png; sourceTree = "<group>"; };
		655585FF243A5705004A94C0 /* banjoSymbol.png */ = {isa = PBXFileReference; lastKnownFileType = image.png; path = banjoSymbol.png; sourceTree = "<group>"; };
		65558600243A5705004A94C0 /* mandolinSymbol.png */ = {isa = PBXFileReference; lastKnownFileType = image.png; path = mandolinSymbol.png; sourceTree = "<group>"; };
		65558601243A5705004A94C0 /* ukuleleSymbol.png */ = {isa = PBXFileReference; lastKnownFileType = image.png; path = ukuleleSymbol.png; sourceTree = "<group>"; };
		65558602243A5705004A94C0 /* violinSymbol.png */ = {isa = PBXFileReference; lastKnownFileType = image.png; path = violinSymbol.png; sourceTree = "<group>"; };
		65585A6D24334A74002CD214 /* DisplayContainer.swift */ = {isa = PBXFileReference; lastKnownFileType = sourcecode.swift; path = DisplayContainer.swift; sourceTree = "<group>"; };
		65585A792433508B002CD214 /* DisplayViewController.swift */ = {isa = PBXFileReference; lastKnownFileType = sourcecode.swift; path = DisplayViewController.swift; sourceTree = "<group>"; };
		65585A7D243350A7002CD214 /* Display.storyboard */ = {isa = PBXFileReference; lastKnownFileType = file.storyboard; path = Display.storyboard; sourceTree = "<group>"; };
		65585A812433A793002CD214 /* DisplayModeButton.swift */ = {isa = PBXFileReference; lastKnownFileType = sourcecode.swift; path = DisplayModeButton.swift; sourceTree = "<group>"; };
		6559D82C244D856900863CE7 /* CalibrationLabel.swift */ = {isa = PBXFileReference; lastKnownFileType = sourcecode.swift; path = CalibrationLabel.swift; sourceTree = "<group>"; };
		6559D85D244E20AE00863CE7 /* upgradeButton.png */ = {isa = PBXFileReference; lastKnownFileType = image.png; path = upgradeButton.png; sourceTree = "<group>"; };
		6559D85F244E20B800863CE7 /* restoreButton.png */ = {isa = PBXFileReference; lastKnownFileType = image.png; path = restoreButton.png; sourceTree = "<group>"; };
		656A840F245E066600CC0419 /* pt-BR */ = {isa = PBXFileReference; lastKnownFileType = text.plist.strings; name = "pt-BR"; path = "pt-BR.lproj/LaunchScreen.strings"; sourceTree = "<group>"; };
		656A8410245E066600CC0419 /* pt-BR */ = {isa = PBXFileReference; lastKnownFileType = text.plist.strings; name = "pt-BR"; path = "pt-BR.lproj/Main.strings"; sourceTree = "<group>"; };
		656A8411245E066700CC0419 /* pt-BR */ = {isa = PBXFileReference; lastKnownFileType = text.plist.strings; name = "pt-BR"; path = "pt-BR.lproj/Localizable.strings"; sourceTree = "<group>"; };
		656A8412245E0AA000CC0419 /* ja */ = {isa = PBXFileReference; lastKnownFileType = text.plist.strings; name = ja; path = ja.lproj/LaunchScreen.strings; sourceTree = "<group>"; };
		656A8413245E0AA000CC0419 /* ja */ = {isa = PBXFileReference; lastKnownFileType = text.plist.strings; name = ja; path = ja.lproj/Main.strings; sourceTree = "<group>"; };
		656A8414245E0AA000CC0419 /* ja */ = {isa = PBXFileReference; lastKnownFileType = text.plist.strings; name = ja; path = ja.lproj/Localizable.strings; sourceTree = "<group>"; };
		656A8415245E132A00CC0419 /* zh-Hans */ = {isa = PBXFileReference; lastKnownFileType = text.plist.strings; name = "zh-Hans"; path = "zh-Hans.lproj/LaunchScreen.strings"; sourceTree = "<group>"; };
		656A8416245E132A00CC0419 /* zh-Hans */ = {isa = PBXFileReference; lastKnownFileType = text.plist.strings; name = "zh-Hans"; path = "zh-Hans.lproj/Main.strings"; sourceTree = "<group>"; };
		656A8417245E132B00CC0419 /* zh-Hans */ = {isa = PBXFileReference; lastKnownFileType = text.plist.strings; name = "zh-Hans"; path = "zh-Hans.lproj/Localizable.strings"; sourceTree = "<group>"; };
		656E9E33245C259B00B06582 /* ActivityIndicatorView.xib */ = {isa = PBXFileReference; lastKnownFileType = file.xib; path = ActivityIndicatorView.xib; sourceTree = "<group>"; };
		656E9E35245C265600B06582 /* ActivityIndicatorView.swift */ = {isa = PBXFileReference; lastKnownFileType = sourcecode.swift; path = ActivityIndicatorView.swift; sourceTree = "<group>"; };
		6573CDF62452115500C10A3C /* premium.png */ = {isa = PBXFileReference; lastKnownFileType = image.png; path = premium.png; sourceTree = "<group>"; };
		6573CDF72452115500C10A3C /* calibration.png */ = {isa = PBXFileReference; lastKnownFileType = image.png; path = calibration.png; sourceTree = "<group>"; };
		6573CDFA245211B400C10A3C /* violin.png */ = {isa = PBXFileReference; lastKnownFileType = image.png; path = violin.png; sourceTree = "<group>"; };
		6573CDFE245211C100C10A3C /* guitar.png */ = {isa = PBXFileReference; lastKnownFileType = image.png; path = guitar.png; sourceTree = "<group>"; };
		6573CDFF245211C100C10A3C /* mandolin.png */ = {isa = PBXFileReference; lastKnownFileType = image.png; path = mandolin.png; sourceTree = "<group>"; };
		6573CE02245211C800C10A3C /* banjo.png */ = {isa = PBXFileReference; lastKnownFileType = image.png; path = banjo.png; sourceTree = "<group>"; };
		6573CE03245211C800C10A3C /* balalaika.png */ = {isa = PBXFileReference; lastKnownFileType = image.png; path = balalaika.png; sourceTree = "<group>"; };
		6573CE06245216A600C10A3C /* ukulele.png */ = {isa = PBXFileReference; lastKnownFileType = image.png; path = ukulele.png; sourceTree = "<group>"; };
		6576A169243FA85200970132 /* BezierView.swift */ = {isa = PBXFileReference; fileEncoding = 4; lastKnownFileType = sourcecode.swift; name = BezierView.swift; path = ../BezierView.swift; sourceTree = "<group>"; };
		6576A170244254B100970132 /* CalibrationSlider.swift */ = {isa = PBXFileReference; lastKnownFileType = sourcecode.swift; path = CalibrationSlider.swift; sourceTree = "<group>"; };
		6576A1742443312400970132 /* StringView.swift */ = {isa = PBXFileReference; lastKnownFileType = sourcecode.swift; path = StringView.swift; sourceTree = "<group>"; };
		6576A17A244397E700970132 /* animatedString.gif */ = {isa = PBXFileReference; lastKnownFileType = image.gif; path = animatedString.gif; sourceTree = "<group>"; };
		658922782450C4FB008F871B /* IAPTableViewCell.swift */ = {isa = PBXFileReference; lastKnownFileType = sourcecode.swift; path = IAPTableViewCell.swift; sourceTree = "<group>"; };
		658922792450C4FB008F871B /* IAPTableViewCell.xib */ = {isa = PBXFileReference; lastKnownFileType = file.xib; path = IAPTableViewCell.xib; sourceTree = "<group>"; };
		65A893C1244C97C900B2AB97 /* IAPHandler.swift */ = {isa = PBXFileReference; lastKnownFileType = sourcecode.swift; path = IAPHandler.swift; sourceTree = "<group>"; };
		65A893C3244CAE6200B2AB97 /* InAppPurchaseViewController.swift */ = {isa = PBXFileReference; lastKnownFileType = sourcecode.swift; path = InAppPurchaseViewController.swift; sourceTree = "<group>"; };
		65A893C5244CB1D700B2AB97 /* InAppPurchase.storyboard */ = {isa = PBXFileReference; lastKnownFileType = file.storyboard; path = InAppPurchase.storyboard; sourceTree = "<group>"; };
		65A893C9244CD53700B2AB97 /* Calibration.storyboard */ = {isa = PBXFileReference; lastKnownFileType = file.storyboard; path = Calibration.storyboard; sourceTree = "<group>"; };
		65A893CB244CD54800B2AB97 /* CalibrationViewController.swift */ = {isa = PBXFileReference; lastKnownFileType = sourcecode.swift; path = CalibrationViewController.swift; sourceTree = "<group>"; };
		65B60322243728B600BBA23D /* tuningfork.png */ = {isa = PBXFileReference; lastKnownFileType = image.png; path = tuningfork.png; sourceTree = "<group>"; };
		65B603312438D49C00BBA23D /* Base */ = {isa = PBXFileReference; lastKnownFileType = file.storyboard; name = Base; path = Base.lproj/Main.storyboard; sourceTree = "<group>"; };
		65C871C7243D09DD0047DB8F /* NoteLabel.swift */ = {isa = PBXFileReference; lastKnownFileType = sourcecode.swift; path = NoteLabel.swift; sourceTree = "<group>"; };
		65CCBF5224260D9E00F518D8 /* Simple Instrument Tuner.app */ = {isa = PBXFileReference; explicitFileType = wrapper.application; includeInIndex = 0; path = "Simple Instrument Tuner.app"; sourceTree = BUILT_PRODUCTS_DIR; };
		65CCBF5524260D9E00F518D8 /* AppDelegate.swift */ = {isa = PBXFileReference; lastKnownFileType = sourcecode.swift; path = AppDelegate.swift; sourceTree = "<group>"; };
		65CCBF5724260D9E00F518D8 /* SceneDelegate.swift */ = {isa = PBXFileReference; lastKnownFileType = sourcecode.swift; path = SceneDelegate.swift; sourceTree = "<group>"; };
		65CCBF5924260D9E00F518D8 /* InstrumentViewController.swift */ = {isa = PBXFileReference; lastKnownFileType = sourcecode.swift; path = InstrumentViewController.swift; sourceTree = "<group>"; };
		65CCBF5E24260DA100F518D8 /* Assets.xcassets */ = {isa = PBXFileReference; lastKnownFileType = folder.assetcatalog; path = Assets.xcassets; sourceTree = "<group>"; };
		65CCBF6124260DA100F518D8 /* Base */ = {isa = PBXFileReference; lastKnownFileType = file.storyboard; name = Base; path = Base.lproj/LaunchScreen.storyboard; sourceTree = "<group>"; };
		65CCBF6324260DA100F518D8 /* Info.plist */ = {isa = PBXFileReference; lastKnownFileType = text.plist.xml; path = Info.plist; sourceTree = "<group>"; };
		65CCBF6824260DA100F518D8 /* Simple Instrument TunerTests.xctest */ = {isa = PBXFileReference; explicitFileType = wrapper.cfbundle; includeInIndex = 0; path = "Simple Instrument TunerTests.xctest"; sourceTree = BUILT_PRODUCTS_DIR; };
		65CCBF7324260DA100F518D8 /* Simple Instrument TunerUITests.xctest */ = {isa = PBXFileReference; explicitFileType = wrapper.cfbundle; includeInIndex = 0; path = "Simple Instrument TunerUITests.xctest"; sourceTree = BUILT_PRODUCTS_DIR; };
		65CCBFF8242621D100F518D8 /* btnActive.png */ = {isa = PBXFileReference; lastKnownFileType = image.png; path = btnActive.png; sourceTree = "<group>"; };
		65CCBFF9242621D200F518D8 /* btnPassive.png */ = {isa = PBXFileReference; lastKnownFileType = image.png; path = btnPassive.png; sourceTree = "<group>"; };
		65CCC0002426268900F518D8 /* ledPassive.png */ = {isa = PBXFileReference; lastKnownFileType = image.png; path = ledPassive.png; sourceTree = "<group>"; };
		65CCC0012426268900F518D8 /* ledActive.png */ = {isa = PBXFileReference; lastKnownFileType = image.png; path = ledActive.png; sourceTree = "<group>"; };
		65CCC008242626BC00F518D8 /* noteButtonPassive.png */ = {isa = PBXFileReference; lastKnownFileType = image.png; path = noteButtonPassive.png; sourceTree = "<group>"; };
		65CCC009242626BC00F518D8 /* noteButtonActive.png */ = {isa = PBXFileReference; lastKnownFileType = image.png; path = noteButtonActive.png; sourceTree = "<group>"; };
		65CCC0102426318E00F518D8 /* gaugePatternGreen.png */ = {isa = PBXFileReference; lastKnownFileType = image.png; path = gaugePatternGreen.png; sourceTree = "<group>"; };
		65CCC0112426318E00F518D8 /* gaugePattern.png */ = {isa = PBXFileReference; lastKnownFileType = image.png; path = gaugePattern.png; sourceTree = "<group>"; };
		65CCC0182426368600F518D8 /* microphoneOff.png */ = {isa = PBXFileReference; lastKnownFileType = image.png; path = microphoneOff.png; sourceTree = "<group>"; };
		65CCC0192426368600F518D8 /* microphoneOn.png */ = {isa = PBXFileReference; lastKnownFileType = image.png; path = microphoneOn.png; sourceTree = "<group>"; };
		65CCC020242637E700F518D8 /* info.png */ = {isa = PBXFileReference; lastKnownFileType = image.png; path = info.png; sourceTree = "<group>"; };
		65CCC024242637F400F518D8 /* settings.png */ = {isa = PBXFileReference; lastKnownFileType = image.png; path = settings.png; sourceTree = "<group>"; };
		65CCC02824263B8B00F518D8 /* gaugeBackground.png */ = {isa = PBXFileReference; lastKnownFileType = image.png; path = gaugeBackground.png; sourceTree = "<group>"; };
		65CCC02D2426683400F518D8 /* gaugeOverlay.png */ = {isa = PBXFileReference; lastKnownFileType = image.png; path = gaugeOverlay.png; sourceTree = "<group>"; };
		65CCC03224266C0B00F518D8 /* Gauge.storyboard */ = {isa = PBXFileReference; lastKnownFileType = file.storyboard; path = Gauge.storyboard; sourceTree = "<group>"; };
		65CCC03624266CAA00F518D8 /* GaugeViewController.swift */ = {isa = PBXFileReference; lastKnownFileType = sourcecode.swift; path = GaugeViewController.swift; sourceTree = "<group>"; };
		65CCC03A2426AD6B00F518D8 /* gaugeScale.png */ = {isa = PBXFileReference; lastKnownFileType = image.png; path = gaugeScale.png; sourceTree = "<group>"; };
		65CE479C2448DCFC00E3B2EC /* doubleString.png */ = {isa = PBXFileReference; lastKnownFileType = image.png; path = doubleString.png; sourceTree = "<group>"; };
		65CE479E2448E5A200E3B2EC /* settingsPatternLight.png */ = {isa = PBXFileReference; lastKnownFileType = image.png; path = settingsPatternLight.png; sourceTree = "<group>"; };
		65CE47A02448E93100E3B2EC /* tuningsGradient.png */ = {isa = PBXFileReference; lastKnownFileType = image.png; path = tuningsGradient.png; sourceTree = "<group>"; };
		65FCB7A324478EC3005E142A /* Tuning.storyboard */ = {isa = PBXFileReference; lastKnownFileType = file.storyboard; path = Tuning.storyboard; sourceTree = "<group>"; };
		65FCB7A724478F22005E142A /* TuningTableViewController.swift */ = {isa = PBXFileReference; lastKnownFileType = sourcecode.swift; path = TuningTableViewController.swift; sourceTree = "<group>"; };
		65FCB7B124479246005E142A /* offButton.png */ = {isa = PBXFileReference; lastKnownFileType = image.png; name = offButton.png; path = "Simple Instrument Tuner/images/offButton.png"; sourceTree = SOURCE_ROOT; };
		65FCB7B224479246005E142A /* onButton.png */ = {isa = PBXFileReference; lastKnownFileType = image.png; name = onButton.png; path = "Simple Instrument Tuner/images/onButton.png"; sourceTree = SOURCE_ROOT; };
		65FCB7B324479246005E142A /* shoppingCart.png */ = {isa = PBXFileReference; lastKnownFileType = image.png; name = shoppingCart.png; path = "Simple Instrument Tuner/images/shoppingCart.png"; sourceTree = SOURCE_ROOT; };
		65FCB7B7244792EC005E142A /* settingsPattern.png */ = {isa = PBXFileReference; lastKnownFileType = image.png; name = settingsPattern.png; path = "Simple Instrument Tuner/images/settingsPattern.png"; sourceTree = SOURCE_ROOT; };
		65FCB7B8244792EC005E142A /* settingsPatternDark.png */ = {isa = PBXFileReference; lastKnownFileType = image.png; name = settingsPatternDark.png; path = "Simple Instrument Tuner/images/settingsPatternDark.png"; sourceTree = SOURCE_ROOT; };
		65FCB7BB2447934B005E142A /* TuningTableViewCell.swift */ = {isa = PBXFileReference; lastKnownFileType = sourcecode.swift; path = TuningTableViewCell.swift; sourceTree = "<group>"; };
		BB0DCBFF1BA7BD84F7379A50 /* Pods_Simple_Instrument_Tuner.framework */ = {isa = PBXFileReference; explicitFileType = wrapper.framework; includeInIndex = 0; path = Pods_Simple_Instrument_Tuner.framework; sourceTree = BUILT_PRODUCTS_DIR; };
		F70B23FE6B4D62213378CD07 /* Pods-Simple Instrument Tuner.debug.xcconfig */ = {isa = PBXFileReference; includeInIndex = 1; lastKnownFileType = text.xcconfig; name = "Pods-Simple Instrument Tuner.debug.xcconfig"; path = "Target Support Files/Pods-Simple Instrument Tuner/Pods-Simple Instrument Tuner.debug.xcconfig"; sourceTree = "<group>"; };
/* End PBXFileReference section */

/* Begin PBXFrameworksBuildPhase section */
		65CCBF4F24260D9E00F518D8 /* Frameworks */ = {
			isa = PBXFrameworksBuildPhase;
			buildActionMask = 2147483647;
			files = (
				6509D1B124557CAD005D2351 /* StoreKit.framework in Frameworks */,
				652BC125242CDABF00F60B83 /* AudioToolbox.framework in Frameworks */,
				5ABBED16C8B37502230B35C0 /* Pods_Simple_Instrument_Tuner.framework in Frameworks */,
			);
			runOnlyForDeploymentPostprocessing = 0;
		};
		65CCBF6524260DA100F518D8 /* Frameworks */ = {
			isa = PBXFrameworksBuildPhase;
			buildActionMask = 2147483647;
			files = (
			);
			runOnlyForDeploymentPostprocessing = 0;
		};
		65CCBF7024260DA100F518D8 /* Frameworks */ = {
			isa = PBXFrameworksBuildPhase;
			buildActionMask = 2147483647;
			files = (
			);
			runOnlyForDeploymentPostprocessing = 0;
		};
/* End PBXFrameworksBuildPhase section */

/* Begin PBXGroup section */
		65142630245C8663002E7E82 /* Supporting Files */ = {
			isa = PBXGroup;
			children = (
				65CCBF5E24260DA100F518D8 /* Assets.xcassets */,
				6514263A245C87EF002E7E82 /* Localizable.strings */,
			);
			path = "Supporting Files";
			sourceTree = "<group>";
		};
		652BC0ED242A698E00F60B83 /* Misc */ = {
			isa = PBXGroup;
			children = (
				653216F92430EB2A00BE1CAE /* View */,
				652BC0EE242A69A300F60B83 /* Constants.swift */,
				653216EF242FC38200BE1CAE /* Note.swift */,
				65325229243B36420004005C /* PKIAPHandler.swift */,
				6532522D243C6C990004005C /* KeyChain.swift */,
				6532522F243C7A640004005C /* Utils.swift */,
				65A893C1244C97C900B2AB97 /* IAPHandler.swift */,
			);
			path = Misc;
			sourceTree = "<group>";
		};
		652BC10A242CC38200F60B83 /* AudioSystem */ = {
			isa = PBXGroup;
			children = (
				652BC10F242CC39900F60B83 /* AutoPan.swift */,
				652BC10B242CC39900F60B83 /* Conductor.swift */,
				652BC10C242CC39900F60B83 /* Fatten.swift */,
				652BC10E242CC39900F60B83 /* FilterSection.swift */,
				652BC10D242CC39900F60B83 /* PingPongDelay.swift */,
			);
			path = AudioSystem;
			sourceTree = "<group>";
		};
		653216F92430EB2A00BE1CAE /* View */ = {
			isa = PBXGroup;
			children = (
				6576A169243FA85200970132 /* BezierView.swift */,
				653216EB242FB93A00BE1CAE /* NoteButton.swift */,
				653216F52430E7CD00BE1CAE /* FrequencyLabel.swift */,
				65585A812433A793002CD214 /* DisplayModeButton.swift */,
				65C871C7243D09DD0047DB8F /* NoteLabel.swift */,
				6576A170244254B100970132 /* CalibrationSlider.swift */,
				6576A1742443312400970132 /* StringView.swift */,
				654FE607244496E30046AFCC /* iOSDropDown.swift */,
				6559D82C244D856900863CE7 /* CalibrationLabel.swift */,
			);
			path = View;
			sourceTree = "<group>";
		};
		65558608243A570F004A94C0 /* instruments */ = {
			isa = PBXGroup;
			children = (
				655585FC243A53ED004A94C0 /* guitarSymbol.png */,
				655585FE243A5705004A94C0 /* balalaikaSymbol.png */,
				655585FF243A5705004A94C0 /* banjoSymbol.png */,
				65558600243A5705004A94C0 /* mandolinSymbol.png */,
				65558601243A5705004A94C0 /* ukuleleSymbol.png */,
				65558602243A5705004A94C0 /* violinSymbol.png */,
			);
			path = instruments;
			sourceTree = "<group>";
		};
		6573CDF52452110F00C10A3C /* settings */ = {
			isa = PBXGroup;
			children = (
				6573CE03245211C800C10A3C /* balalaika.png */,
				6573CE02245211C800C10A3C /* banjo.png */,
				6573CDF72452115500C10A3C /* calibration.png */,
				6573CDF62452115500C10A3C /* premium.png */,
				6573CDFE245211C100C10A3C /* guitar.png */,
				6573CE06245216A600C10A3C /* ukulele.png */,
				6573CDFF245211C100C10A3C /* mandolin.png */,
				6573CDFA245211B400C10A3C /* violin.png */,
			);
			path = settings;
			sourceTree = "<group>";
		};
		65CCBF4924260D9E00F518D8 = {
			isa = PBXGroup;
			children = (
				65CCBF5424260D9E00F518D8 /* Simple Instrument Tuner */,
				65CCBF5324260D9E00F518D8 /* Products */,
				B0281B6E1E5D3DE8CC47E754 /* Pods */,
				9A9C7B4F070DD9E7BE52FEBB /* Frameworks */,
			);
			sourceTree = "<group>";
		};
		65CCBF5324260D9E00F518D8 /* Products */ = {
			isa = PBXGroup;
			children = (
				65CCBF5224260D9E00F518D8 /* Simple Instrument Tuner.app */,
				65CCBF6824260DA100F518D8 /* Simple Instrument TunerTests.xctest */,
				65CCBF7324260DA100F518D8 /* Simple Instrument TunerUITests.xctest */,
			);
			name = Products;
			sourceTree = "<group>";
		};
		65CCBF5424260D9E00F518D8 /* Simple Instrument Tuner */ = {
			isa = PBXGroup;
			children = (
				65142630245C8663002E7E82 /* Supporting Files */,
				652BC123242CDABF00F60B83 /* Simple Instrument Tuner.entitlements */,
				652BC11F242CDA3400F60B83 /* Sounds */,
				652BC10A242CC38200F60B83 /* AudioSystem */,
				652BC0ED242A698E00F60B83 /* Misc */,
				65CCC03124266BE700F518D8 /* View */,
				65CCBFF72426215800F518D8 /* images */,
				65CCBF5524260D9E00F518D8 /* AppDelegate.swift */,
				65CCBF5724260D9E00F518D8 /* SceneDelegate.swift */,
				65CCBF5924260D9E00F518D8 /* InstrumentViewController.swift */,
				65CCBF6024260DA100F518D8 /* LaunchScreen.storyboard */,
				65B603302438D49C00BBA23D /* Main.storyboard */,
				65CCBF6324260DA100F518D8 /* Info.plist */,
				6532522B243BB4FD0004005C /* Instruments.plist */,
			);
			path = "Simple Instrument Tuner";
			sourceTree = "<group>";
		};
		65CCBFF72426215800F518D8 /* images */ = {
			isa = PBXGroup;
			children = (
				6573CDF52452110F00C10A3C /* settings */,
				65558608243A570F004A94C0 /* instruments */,
				652BC0F6242BEC7500F60B83 /* bridge.png */,
				65CE47A02448E93100E3B2EC /* tuningsGradient.png */,
				65FCB7B7244792EC005E142A /* settingsPattern.png */,
				65FCB7B8244792EC005E142A /* settingsPatternDark.png */,
				65CE479E2448E5A200E3B2EC /* settingsPatternLight.png */,
				65FCB7B124479246005E142A /* offButton.png */,
				65FCB7B224479246005E142A /* onButton.png */,
				65FCB7B324479246005E142A /* shoppingCart.png */,
				65CCBFF8242621D100F518D8 /* btnActive.png */,
				65CCBFF9242621D200F518D8 /* btnPassive.png */,
				65CCC0012426268900F518D8 /* ledActive.png */,
				65CCC0002426268900F518D8 /* ledPassive.png */,
				65CCC009242626BC00F518D8 /* noteButtonActive.png */,
				65CCC008242626BC00F518D8 /* noteButtonPassive.png */,
				65CCC02824263B8B00F518D8 /* gaugeBackground.png */,
				65CCC0112426318E00F518D8 /* gaugePattern.png */,
				65CCC0102426318E00F518D8 /* gaugePatternGreen.png */,
				6559D85F244E20B800863CE7 /* restoreButton.png */,
				6559D85D244E20AE00863CE7 /* upgradeButton.png */,
				65CCC03A2426AD6B00F518D8 /* gaugeScale.png */,
				65CCC02D2426683400F518D8 /* gaugeOverlay.png */,
				65CCC020242637E700F518D8 /* info.png */,
				65CCC0182426368600F518D8 /* microphoneOff.png */,
				65CCC0192426368600F518D8 /* microphoneOn.png */,
				65CE479C2448DCFC00E3B2EC /* doubleString.png */,
				652BC102242BF64B00F60B83 /* string.png */,
				6576A17A244397E700970132 /* animatedString.gif */,
				65CCC024242637F400F518D8 /* settings.png */,
				65B60322243728B600BBA23D /* tuningfork.png */,
				652BC0E1242A2C6E00F60B83 /* volumeMeterPattern.png */,
			);
			path = images;
			sourceTree = "<group>";
		};
		65CCC03124266BE700F518D8 /* View */ = {
			isa = PBXGroup;
			children = (
				652BC0FA242BECFB00F60B83 /* Bridge.storyboard */,
				652BC0FE242BED0F00F60B83 /* BridgeViewController.swift */,
				652BC0E5242A582400F60B83 /* DeviationMeter.storyboard */,
				652BC0E9242A583C00F60B83 /* DeviationMeterViewController.swift */,
				65CCC03224266C0B00F518D8 /* Gauge.storyboard */,
				65CCC03624266CAA00F518D8 /* GaugeViewController.swift */,
				652BC0DA242A2C0C00F60B83 /* VolumeMeter.storyboard */,
				652BC0D9242A2C0C00F60B83 /* VolumeMeterViewController.swift */,
				65585A6D24334A74002CD214 /* DisplayContainer.swift */,
				65585A792433508B002CD214 /* DisplayViewController.swift */,
				65585A7D243350A7002CD214 /* Display.storyboard */,
				655585F6243A25BC004A94C0 /* SettingsViewController.swift */,
				65FCB7A324478EC3005E142A /* Tuning.storyboard */,
				65FCB7A724478F22005E142A /* TuningTableViewController.swift */,
				65FCB7BB2447934B005E142A /* TuningTableViewCell.swift */,
				65A893C9244CD53700B2AB97 /* Calibration.storyboard */,
				65A893CB244CD54800B2AB97 /* CalibrationViewController.swift */,
				65A893C3244CAE6200B2AB97 /* InAppPurchaseViewController.swift */,
				65A893C5244CB1D700B2AB97 /* InAppPurchase.storyboard */,
				658922782450C4FB008F871B /* IAPTableViewCell.swift */,
				658922792450C4FB008F871B /* IAPTableViewCell.xib */,
				656E9E33245C259B00B06582 /* ActivityIndicatorView.xib */,
				656E9E35245C265600B06582 /* ActivityIndicatorView.swift */,
			);
			path = View;
			sourceTree = "<group>";
		};
		9A9C7B4F070DD9E7BE52FEBB /* Frameworks */ = {
			isa = PBXGroup;
			children = (
				6509D1B024557CAD005D2351 /* StoreKit.framework */,
				655585F8243A4ACF004A94C0 /* iOSDropDown.framework */,
				653216E9242D18F800BE1CAE /* CoreAudioKit.framework */,
				652BC124242CDABF00F60B83 /* AudioToolbox.framework */,
				BB0DCBFF1BA7BD84F7379A50 /* Pods_Simple_Instrument_Tuner.framework */,
			);
			name = Frameworks;
			sourceTree = "<group>";
		};
		B0281B6E1E5D3DE8CC47E754 /* Pods */ = {
			isa = PBXGroup;
			children = (
				F70B23FE6B4D62213378CD07 /* Pods-Simple Instrument Tuner.debug.xcconfig */,
				457E6052D443CDAE029DEBF4 /* Pods-Simple Instrument Tuner.release.xcconfig */,
			);
			path = Pods;
			sourceTree = "<group>";
		};
/* End PBXGroup section */

/* Begin PBXNativeTarget section */
		65CCBF5124260D9E00F518D8 /* Simple Instrument Tuner */ = {
			isa = PBXNativeTarget;
			buildConfigurationList = 65CCBF7C24260DA100F518D8 /* Build configuration list for PBXNativeTarget "Simple Instrument Tuner" */;
			buildPhases = (
				0242195E77EBD7E719225BE7 /* [CP] Check Pods Manifest.lock */,
				65CCBF4E24260D9E00F518D8 /* Sources */,
				65CCBF4F24260D9E00F518D8 /* Frameworks */,
				65CCBF5024260D9E00F518D8 /* Resources */,
				814A7D3876362CE9760C5B1D /* [CP] Embed Pods Frameworks */,
			);
			buildRules = (
			);
			dependencies = (
			);
			name = "Simple Instrument Tuner";
			productName = "Simple Instrument Tuner";
			productReference = 65CCBF5224260D9E00F518D8 /* Simple Instrument Tuner.app */;
			productType = "com.apple.product-type.application";
		};
		65CCBF6724260DA100F518D8 /* Simple Instrument TunerTests */ = {
			isa = PBXNativeTarget;
			buildConfigurationList = 65CCBF7F24260DA100F518D8 /* Build configuration list for PBXNativeTarget "Simple Instrument TunerTests" */;
			buildPhases = (
				65CCBF6424260DA100F518D8 /* Sources */,
				65CCBF6524260DA100F518D8 /* Frameworks */,
				65CCBF6624260DA100F518D8 /* Resources */,
			);
			buildRules = (
			);
			dependencies = (
				65CCBF6A24260DA100F518D8 /* PBXTargetDependency */,
			);
			name = "Simple Instrument TunerTests";
			productName = "Simple Instrument TunerTests";
			productReference = 65CCBF6824260DA100F518D8 /* Simple Instrument TunerTests.xctest */;
			productType = "com.apple.product-type.bundle.unit-test";
		};
		65CCBF7224260DA100F518D8 /* Simple Instrument TunerUITests */ = {
			isa = PBXNativeTarget;
			buildConfigurationList = 65CCBF8224260DA100F518D8 /* Build configuration list for PBXNativeTarget "Simple Instrument TunerUITests" */;
			buildPhases = (
				65CCBF6F24260DA100F518D8 /* Sources */,
				65CCBF7024260DA100F518D8 /* Frameworks */,
				65CCBF7124260DA100F518D8 /* Resources */,
			);
			buildRules = (
			);
			dependencies = (
				65CCBF7524260DA100F518D8 /* PBXTargetDependency */,
			);
			name = "Simple Instrument TunerUITests";
			productName = "Simple Instrument TunerUITests";
			productReference = 65CCBF7324260DA100F518D8 /* Simple Instrument TunerUITests.xctest */;
			productType = "com.apple.product-type.bundle.ui-testing";
		};
/* End PBXNativeTarget section */

/* Begin PBXProject section */
		65CCBF4A24260D9E00F518D8 /* Project object */ = {
			isa = PBXProject;
			attributes = {
				LastSwiftUpdateCheck = 1130;
				LastUpgradeCheck = 1130;
				ORGANIZATIONNAME = "Ullrich Vormbrock";
				TargetAttributes = {
					65CCBF5124260D9E00F518D8 = {
						CreatedOnToolsVersion = 11.3.1;
					};
					65CCBF6724260DA100F518D8 = {
						CreatedOnToolsVersion = 11.3.1;
						TestTargetID = 65CCBF5124260D9E00F518D8;
					};
					65CCBF7224260DA100F518D8 = {
						CreatedOnToolsVersion = 11.3.1;
						TestTargetID = 65CCBF5124260D9E00F518D8;
					};
				};
			};
			buildConfigurationList = 65CCBF4D24260D9E00F518D8 /* Build configuration list for PBXProject "Simple Instrument Tuner" */;
			compatibilityVersion = "Xcode 9.3";
			developmentRegion = en;
			hasScannedForEncodings = 0;
			knownRegions = (
				en,
				Base,
				es,
				de,
				ru,
				"pt-BR",
				ja,
				"zh-Hans",
			);
			mainGroup = 65CCBF4924260D9E00F518D8;
			productRefGroup = 65CCBF5324260D9E00F518D8 /* Products */;
			projectDirPath = "";
			projectRoot = "";
			targets = (
				65CCBF5124260D9E00F518D8 /* Simple Instrument Tuner */,
				65CCBF6724260DA100F518D8 /* Simple Instrument TunerTests */,
				65CCBF7224260DA100F518D8 /* Simple Instrument TunerUITests */,
			);
		};
/* End PBXProject section */

/* Begin PBXResourcesBuildPhase section */
		65CCBF5024260D9E00F518D8 /* Resources */ = {
			isa = PBXResourcesBuildPhase;
			buildActionMask = 2147483647;
			files = (
				65B60323243728B600BBA23D /* tuningfork.png in Resources */,
				652BC120242CDA3400F60B83 /* Sounds in Resources */,
				6589227B2450C4FB008F871B /* IAPTableViewCell.xib in Resources */,
				65558607243A5706004A94C0 /* violinSymbol.png in Resources */,
				65CCC0052426268900F518D8 /* ledActive.png in Resources */,
				652BC0F7242BEC7500F60B83 /* bridge.png in Resources */,
				65CCC021242637E700F518D8 /* info.png in Resources */,
				65FCB7A424478EC3005E142A /* Tuning.storyboard in Resources */,
				65CE47A12448E93100E3B2EC /* tuningsGradient.png in Resources */,
				652BC103242BF64B00F60B83 /* string.png in Resources */,
				65CCBF6224260DA100F518D8 /* LaunchScreen.storyboard in Resources */,
				6573CE07245216A600C10A3C /* ukulele.png in Resources */,
				656E9E34245C259C00B06582 /* ActivityIndicatorView.xib in Resources */,
				65B603322438D49D00BBA23D /* Main.storyboard in Resources */,
				65558606243A5706004A94C0 /* ukuleleSymbol.png in Resources */,
				65CCC0152426318E00F518D8 /* gaugePattern.png in Resources */,
				6559D860244E20B800863CE7 /* restoreButton.png in Resources */,
				652BC0FB242BECFB00F60B83 /* Bridge.storyboard in Resources */,
				65CCC0122426318E00F518D8 /* gaugePatternGreen.png in Resources */,
				65585A7E243350A7002CD214 /* Display.storyboard in Resources */,
				65CCBF5F24260DA100F518D8 /* Assets.xcassets in Resources */,
				65558605243A5706004A94C0 /* mandolinSymbol.png in Resources */,
				6573CE01245211C200C10A3C /* mandolin.png in Resources */,
				6573CE05245211C800C10A3C /* balalaika.png in Resources */,
				652BC0DE242A2C0D00F60B83 /* VolumeMeter.storyboard in Resources */,
				65558603243A5706004A94C0 /* balalaikaSymbol.png in Resources */,
				6576A17B244397E700970132 /* animatedString.gif in Resources */,
				65CCC03B2426AD6B00F518D8 /* gaugeScale.png in Resources */,
				65CCC025242637F400F518D8 /* settings.png in Resources */,
				65CCC01D2426368600F518D8 /* microphoneOn.png in Resources */,
				65CCC03324266C0B00F518D8 /* Gauge.storyboard in Resources */,
				65CCC00D242626BC00F518D8 /* noteButtonActive.png in Resources */,
				6532522C243BB4FD0004005C /* Instruments.plist in Resources */,
				65FCB7BA244792EC005E142A /* settingsPatternDark.png in Resources */,
				65A893CA244CD53700B2AB97 /* Calibration.storyboard in Resources */,
				65CCC02E2426683400F518D8 /* gaugeOverlay.png in Resources */,
				65CE479D2448DCFD00E3B2EC /* doubleString.png in Resources */,
				65CCC01A2426368600F518D8 /* microphoneOff.png in Resources */,
				65FCB7B524479246005E142A /* onButton.png in Resources */,
				6573CE04245211C800C10A3C /* banjo.png in Resources */,
				65FCB7B9244792EC005E142A /* settingsPattern.png in Resources */,
				6573CDF92452115500C10A3C /* calibration.png in Resources */,
				65142638245C87EF002E7E82 /* Localizable.strings in Resources */,
				65CCBFFD242621D200F518D8 /* btnPassive.png in Resources */,
				65558604243A5706004A94C0 /* banjoSymbol.png in Resources */,
				65CCBFFA242621D200F518D8 /* btnActive.png in Resources */,
				6573CDFC245211B400C10A3C /* violin.png in Resources */,
				6573CE00245211C200C10A3C /* guitar.png in Resources */,
				65FCB7B624479246005E142A /* shoppingCart.png in Resources */,
				655585FD243A53ED004A94C0 /* guitarSymbol.png in Resources */,
				65CCC00A242626BC00F518D8 /* noteButtonPassive.png in Resources */,
				6559D85E244E20AF00863CE7 /* upgradeButton.png in Resources */,
				652BC0E2242A2C6F00F60B83 /* volumeMeterPattern.png in Resources */,
				65CCC0022426268900F518D8 /* ledPassive.png in Resources */,
				6573CDF82452115500C10A3C /* premium.png in Resources */,
				65FCB7B424479246005E142A /* offButton.png in Resources */,
				65CE479F2448E5A200E3B2EC /* settingsPatternLight.png in Resources */,
				652BC0E6242A582400F60B83 /* DeviationMeter.storyboard in Resources */,
				65A893C6244CB1D700B2AB97 /* InAppPurchase.storyboard in Resources */,
				65CCC02924263B8B00F518D8 /* gaugeBackground.png in Resources */,
			);
			runOnlyForDeploymentPostprocessing = 0;
		};
		65CCBF6624260DA100F518D8 /* Resources */ = {
			isa = PBXResourcesBuildPhase;
			buildActionMask = 2147483647;
			files = (
			);
			runOnlyForDeploymentPostprocessing = 0;
		};
		65CCBF7124260DA100F518D8 /* Resources */ = {
			isa = PBXResourcesBuildPhase;
			buildActionMask = 2147483647;
			files = (
			);
			runOnlyForDeploymentPostprocessing = 0;
		};
/* End PBXResourcesBuildPhase section */

/* Begin PBXShellScriptBuildPhase section */
		0242195E77EBD7E719225BE7 /* [CP] Check Pods Manifest.lock */ = {
			isa = PBXShellScriptBuildPhase;
			buildActionMask = 2147483647;
			files = (
			);
			inputFileListPaths = (
			);
			inputPaths = (
				"${PODS_PODFILE_DIR_PATH}/Podfile.lock",
				"${PODS_ROOT}/Manifest.lock",
			);
			name = "[CP] Check Pods Manifest.lock";
			outputFileListPaths = (
			);
			outputPaths = (
				"$(DERIVED_FILE_DIR)/Pods-Simple Instrument Tuner-checkManifestLockResult.txt",
			);
			runOnlyForDeploymentPostprocessing = 0;
			shellPath = /bin/sh;
			shellScript = "diff \"${PODS_PODFILE_DIR_PATH}/Podfile.lock\" \"${PODS_ROOT}/Manifest.lock\" > /dev/null\nif [ $? != 0 ] ; then\n    # print error to STDERR\n    echo \"error: The sandbox is not in sync with the Podfile.lock. Run 'pod install' or update your CocoaPods installation.\" >&2\n    exit 1\nfi\n# This output is used by Xcode 'outputs' to avoid re-running this script phase.\necho \"SUCCESS\" > \"${SCRIPT_OUTPUT_FILE_0}\"\n";
			showEnvVarsInLog = 0;
		};
		814A7D3876362CE9760C5B1D /* [CP] Embed Pods Frameworks */ = {
			isa = PBXShellScriptBuildPhase;
			buildActionMask = 2147483647;
			files = (
			);
			inputFileListPaths = (
				"${PODS_ROOT}/Target Support Files/Pods-Simple Instrument Tuner/Pods-Simple Instrument Tuner-frameworks-${CONFIGURATION}-input-files.xcfilelist",
			);
			name = "[CP] Embed Pods Frameworks";
			outputFileListPaths = (
				"${PODS_ROOT}/Target Support Files/Pods-Simple Instrument Tuner/Pods-Simple Instrument Tuner-frameworks-${CONFIGURATION}-output-files.xcfilelist",
			);
			runOnlyForDeploymentPostprocessing = 0;
			shellPath = /bin/sh;
			shellScript = "\"${PODS_ROOT}/Target Support Files/Pods-Simple Instrument Tuner/Pods-Simple Instrument Tuner-frameworks.sh\"\n";
			showEnvVarsInLog = 0;
		};
/* End PBXShellScriptBuildPhase section */

/* Begin PBXSourcesBuildPhase section */
		65CCBF4E24260D9E00F518D8 /* Sources */ = {
			isa = PBXSourcesBuildPhase;
			buildActionMask = 2147483647;
			files = (
				65CCC03724266CAA00F518D8 /* GaugeViewController.swift in Sources */,
				6576A16A243FA85200970132 /* BezierView.swift in Sources */,
				653216F62430E7CE00BE1CAE /* FrequencyLabel.swift in Sources */,
				65A893C2244C97C900B2AB97 /* IAPHandler.swift in Sources */,
				655585F7243A25BC004A94C0 /* SettingsViewController.swift in Sources */,
				652BC11C242CC39900F60B83 /* AutoPan.swift in Sources */,
				6576A1752443312400970132 /* StringView.swift in Sources */,
				65A893CC244CD54800B2AB97 /* CalibrationViewController.swift in Sources */,
				65C871C8243D09DD0047DB8F /* NoteLabel.swift in Sources */,
				652BC0FF242BED0F00F60B83 /* BridgeViewController.swift in Sources */,
				652BC0DB242A2C0D00F60B83 /* VolumeMeterViewController.swift in Sources */,
				65CCBF5A24260D9E00F518D8 /* InstrumentViewController.swift in Sources */,
				654FE608244496E30046AFCC /* iOSDropDown.swift in Sources */,
				653216F0242FC38200BE1CAE /* Note.swift in Sources */,
				652BC110242CC39900F60B83 /* Conductor.swift in Sources */,
				656E9E36245C265600B06582 /* ActivityIndicatorView.swift in Sources */,
				652BC119242CC39900F60B83 /* FilterSection.swift in Sources */,
				65FCB7BC2447934B005E142A /* TuningTableViewCell.swift in Sources */,
				65585A822433A793002CD214 /* DisplayModeButton.swift in Sources */,
				652BC113242CC39900F60B83 /* Fatten.swift in Sources */,
				6559D82D244D856900863CE7 /* CalibrationLabel.swift in Sources */,
				65585A6E24334A74002CD214 /* DisplayContainer.swift in Sources */,
				65CCBF5624260D9E00F518D8 /* AppDelegate.swift in Sources */,
				65A893C4244CAE6200B2AB97 /* InAppPurchaseViewController.swift in Sources */,
				6532522E243C6C990004005C /* KeyChain.swift in Sources */,
				652BC0EF242A69A300F60B83 /* Constants.swift in Sources */,
				652BC116242CC39900F60B83 /* PingPongDelay.swift in Sources */,
				65585A7A2433508C002CD214 /* DisplayViewController.swift in Sources */,
				652BC0EA242A583C00F60B83 /* DeviationMeterViewController.swift in Sources */,
				6576A171244254B100970132 /* CalibrationSlider.swift in Sources */,
				65FCB7A824478F22005E142A /* TuningTableViewController.swift in Sources */,
				6532522A243B36420004005C /* PKIAPHandler.swift in Sources */,
				65CCBF5824260D9E00F518D8 /* SceneDelegate.swift in Sources */,
				6589227A2450C4FB008F871B /* IAPTableViewCell.swift in Sources */,
				653216EC242FB93A00BE1CAE /* NoteButton.swift in Sources */,
				65325230243C7A640004005C /* Utils.swift in Sources */,
			);
			runOnlyForDeploymentPostprocessing = 0;
		};
		65CCBF6424260DA100F518D8 /* Sources */ = {
			isa = PBXSourcesBuildPhase;
			buildActionMask = 2147483647;
			files = (
			);
			runOnlyForDeploymentPostprocessing = 0;
		};
		65CCBF6F24260DA100F518D8 /* Sources */ = {
			isa = PBXSourcesBuildPhase;
			buildActionMask = 2147483647;
			files = (
			);
			runOnlyForDeploymentPostprocessing = 0;
		};
/* End PBXSourcesBuildPhase section */

/* Begin PBXTargetDependency section */
		65CCBF6A24260DA100F518D8 /* PBXTargetDependency */ = {
			isa = PBXTargetDependency;
			target = 65CCBF5124260D9E00F518D8 /* Simple Instrument Tuner */;
			targetProxy = 65CCBF6924260DA100F518D8 /* PBXContainerItemProxy */;
		};
		65CCBF7524260DA100F518D8 /* PBXTargetDependency */ = {
			isa = PBXTargetDependency;
			target = 65CCBF5124260D9E00F518D8 /* Simple Instrument Tuner */;
			targetProxy = 65CCBF7424260DA100F518D8 /* PBXContainerItemProxy */;
		};
/* End PBXTargetDependency section */

/* Begin PBXVariantGroup section */
		6514263A245C87EF002E7E82 /* Localizable.strings */ = {
			isa = PBXVariantGroup;
			children = (
				65142639245C87EF002E7E82 /* en */,
				6514263B245C87F3002E7E82 /* de */,
				6514263C245C87F4002E7E82 /* es */,
				6514263E245C8F7F002E7E82 /* ru */,
				656A8411245E066700CC0419 /* pt-BR */,
				656A8414245E0AA000CC0419 /* ja */,
				656A8417245E132B00CC0419 /* zh-Hans */,
			);
			name = Localizable.strings;
			sourceTree = "<group>";
		};
		65B603302438D49C00BBA23D /* Main.storyboard */ = {
			isa = PBXVariantGroup;
			children = (
				65B603312438D49C00BBA23D /* Base */,
				656A8410245E066600CC0419 /* pt-BR */,
				656A8413245E0AA000CC0419 /* ja */,
				656A8416245E132A00CC0419 /* zh-Hans */,
			);
			name = Main.storyboard;
			sourceTree = "<group>";
		};
		65CCBF6024260DA100F518D8 /* LaunchScreen.storyboard */ = {
			isa = PBXVariantGroup;
			children = (
				65CCBF6124260DA100F518D8 /* Base */,
				65142634245C8769002E7E82 /* es */,
				65142635245C8772002E7E82 /* de */,
				6514263D245C8F7F002E7E82 /* ru */,
				656A840F245E066600CC0419 /* pt-BR */,
				656A8412245E0AA000CC0419 /* ja */,
				656A8415245E132A00CC0419 /* zh-Hans */,
			);
			name = LaunchScreen.storyboard;
			sourceTree = "<group>";
		};
/* End PBXVariantGroup section */

/* Begin XCBuildConfiguration section */
		65CCBF7A24260DA100F518D8 /* Debug */ = {
			isa = XCBuildConfiguration;
			buildSettings = {
				ALWAYS_SEARCH_USER_PATHS = NO;
				BUILD_LIBRARY_FOR_DISTRIBUTION = YES;
				CLANG_ANALYZER_LOCALIZABILITY_NONLOCALIZED = YES;
				CLANG_ANALYZER_NONNULL = YES;
				CLANG_ANALYZER_NUMBER_OBJECT_CONVERSION = YES_AGGRESSIVE;
				CLANG_CXX_LANGUAGE_STANDARD = "gnu++14";
				CLANG_CXX_LIBRARY = "libc++";
				CLANG_ENABLE_MODULES = YES;
				CLANG_ENABLE_OBJC_ARC = YES;
				CLANG_ENABLE_OBJC_WEAK = YES;
				CLANG_WARN_BLOCK_CAPTURE_AUTORELEASING = YES;
				CLANG_WARN_BOOL_CONVERSION = YES;
				CLANG_WARN_COMMA = YES;
				CLANG_WARN_CONSTANT_CONVERSION = YES;
				CLANG_WARN_DEPRECATED_OBJC_IMPLEMENTATIONS = YES;
				CLANG_WARN_DIRECT_OBJC_ISA_USAGE = YES_ERROR;
				CLANG_WARN_DOCUMENTATION_COMMENTS = YES;
				CLANG_WARN_EMPTY_BODY = YES;
				CLANG_WARN_ENUM_CONVERSION = YES;
				CLANG_WARN_INFINITE_RECURSION = YES;
				CLANG_WARN_INT_CONVERSION = YES;
				CLANG_WARN_NON_LITERAL_NULL_CONVERSION = YES;
				CLANG_WARN_OBJC_IMPLICIT_RETAIN_SELF = YES;
				CLANG_WARN_OBJC_LITERAL_CONVERSION = YES;
				CLANG_WARN_OBJC_ROOT_CLASS = YES_ERROR;
				CLANG_WARN_RANGE_LOOP_ANALYSIS = YES;
				CLANG_WARN_STRICT_PROTOTYPES = YES;
				CLANG_WARN_SUSPICIOUS_MOVE = YES;
				CLANG_WARN_UNGUARDED_AVAILABILITY = YES_AGGRESSIVE;
				CLANG_WARN_UNREACHABLE_CODE = YES;
				CLANG_WARN__DUPLICATE_METHOD_MATCH = YES;
				COPY_PHASE_STRIP = NO;
				DEBUG_INFORMATION_FORMAT = dwarf;
				ENABLE_STRICT_OBJC_MSGSEND = YES;
				ENABLE_TESTABILITY = YES;
				GCC_C_LANGUAGE_STANDARD = gnu11;
				GCC_DYNAMIC_NO_PIC = NO;
				GCC_NO_COMMON_BLOCKS = YES;
				GCC_OPTIMIZATION_LEVEL = 0;
				GCC_PREPROCESSOR_DEFINITIONS = (
					"DEBUG=1",
					"$(inherited)",
				);
				GCC_WARN_64_TO_32_BIT_CONVERSION = YES;
				GCC_WARN_ABOUT_RETURN_TYPE = YES_ERROR;
				GCC_WARN_UNDECLARED_SELECTOR = YES;
				GCC_WARN_UNINITIALIZED_AUTOS = YES_AGGRESSIVE;
				GCC_WARN_UNUSED_FUNCTION = YES;
				GCC_WARN_UNUSED_VARIABLE = YES;
				IPHONEOS_DEPLOYMENT_TARGET = 13.2;
				MTL_ENABLE_DEBUG_INFO = INCLUDE_SOURCE;
				MTL_FAST_MATH = YES;
				ONLY_ACTIVE_ARCH = YES;
				SDKROOT = iphoneos;
				SWIFT_ACTIVE_COMPILATION_CONDITIONS = DEBUG;
				SWIFT_OPTIMIZATION_LEVEL = "-Onone";
			};
			name = Debug;
		};
		65CCBF7B24260DA100F518D8 /* Release */ = {
			isa = XCBuildConfiguration;
			buildSettings = {
				ALWAYS_SEARCH_USER_PATHS = NO;
				BUILD_LIBRARY_FOR_DISTRIBUTION = YES;
				CLANG_ANALYZER_LOCALIZABILITY_NONLOCALIZED = YES;
				CLANG_ANALYZER_NONNULL = YES;
				CLANG_ANALYZER_NUMBER_OBJECT_CONVERSION = YES_AGGRESSIVE;
				CLANG_CXX_LANGUAGE_STANDARD = "gnu++14";
				CLANG_CXX_LIBRARY = "libc++";
				CLANG_ENABLE_MODULES = YES;
				CLANG_ENABLE_OBJC_ARC = YES;
				CLANG_ENABLE_OBJC_WEAK = YES;
				CLANG_WARN_BLOCK_CAPTURE_AUTORELEASING = YES;
				CLANG_WARN_BOOL_CONVERSION = YES;
				CLANG_WARN_COMMA = YES;
				CLANG_WARN_CONSTANT_CONVERSION = YES;
				CLANG_WARN_DEPRECATED_OBJC_IMPLEMENTATIONS = YES;
				CLANG_WARN_DIRECT_OBJC_ISA_USAGE = YES_ERROR;
				CLANG_WARN_DOCUMENTATION_COMMENTS = YES;
				CLANG_WARN_EMPTY_BODY = YES;
				CLANG_WARN_ENUM_CONVERSION = YES;
				CLANG_WARN_INFINITE_RECURSION = YES;
				CLANG_WARN_INT_CONVERSION = YES;
				CLANG_WARN_NON_LITERAL_NULL_CONVERSION = YES;
				CLANG_WARN_OBJC_IMPLICIT_RETAIN_SELF = YES;
				CLANG_WARN_OBJC_LITERAL_CONVERSION = YES;
				CLANG_WARN_OBJC_ROOT_CLASS = YES_ERROR;
				CLANG_WARN_RANGE_LOOP_ANALYSIS = YES;
				CLANG_WARN_STRICT_PROTOTYPES = YES;
				CLANG_WARN_SUSPICIOUS_MOVE = YES;
				CLANG_WARN_UNGUARDED_AVAILABILITY = YES_AGGRESSIVE;
				CLANG_WARN_UNREACHABLE_CODE = YES;
				CLANG_WARN__DUPLICATE_METHOD_MATCH = YES;
				COPY_PHASE_STRIP = NO;
				DEBUG_INFORMATION_FORMAT = "dwarf-with-dsym";
				ENABLE_NS_ASSERTIONS = NO;
				ENABLE_STRICT_OBJC_MSGSEND = YES;
				GCC_C_LANGUAGE_STANDARD = gnu11;
				GCC_NO_COMMON_BLOCKS = YES;
				GCC_WARN_64_TO_32_BIT_CONVERSION = YES;
				GCC_WARN_ABOUT_RETURN_TYPE = YES_ERROR;
				GCC_WARN_UNDECLARED_SELECTOR = YES;
				GCC_WARN_UNINITIALIZED_AUTOS = YES_AGGRESSIVE;
				GCC_WARN_UNUSED_FUNCTION = YES;
				GCC_WARN_UNUSED_VARIABLE = YES;
				IPHONEOS_DEPLOYMENT_TARGET = 13.2;
				MTL_ENABLE_DEBUG_INFO = NO;
				MTL_FAST_MATH = YES;
				SDKROOT = iphoneos;
				SWIFT_COMPILATION_MODE = wholemodule;
				SWIFT_OPTIMIZATION_LEVEL = "-O";
				VALIDATE_PRODUCT = YES;
			};
			name = Release;
		};
		65CCBF7D24260DA100F518D8 /* Debug */ = {
			isa = XCBuildConfiguration;
			baseConfigurationReference = F70B23FE6B4D62213378CD07 /* Pods-Simple Instrument Tuner.debug.xcconfig */;
			buildSettings = {
				ASSETCATALOG_COMPILER_APPICON_NAME = AppIcon;
				CODE_SIGN_ENTITLEMENTS = "Simple Instrument Tuner/Simple Instrument Tuner.entitlements";
				CODE_SIGN_IDENTITY = "iPhone Developer";
				CODE_SIGN_STYLE = Manual;
				CURRENT_PROJECT_VERSION = 1;
				DEVELOPMENT_TEAM = P2EQM7YAFH;
				INFOPLIST_FILE = "Simple Instrument Tuner/Info.plist";
				IPHONEOS_DEPLOYMENT_TARGET = 13.0;
				LD_RUNPATH_SEARCH_PATHS = (
					"$(inherited)",
					"@executable_path/Frameworks",
				);
				MARKETING_VERSION = 1.1;
				PRODUCT_BUNDLE_IDENTIFIER = ch.vormbrock.simpleinstrumenttuner;
				PRODUCT_NAME = "$(TARGET_NAME)";
				PROVISIONING_PROFILE_SPECIFIER = "Simple Instrument Tuner";
				SWIFT_VERSION = 5.0;
				TARGETED_DEVICE_FAMILY = "1,2";
			};
			name = Debug;
		};
		65CCBF7E24260DA100F518D8 /* Release */ = {
			isa = XCBuildConfiguration;
			baseConfigurationReference = 457E6052D443CDAE029DEBF4 /* Pods-Simple Instrument Tuner.release.xcconfig */;
			buildSettings = {
				ASSETCATALOG_COMPILER_APPICON_NAME = AppIcon;
				CODE_SIGN_ENTITLEMENTS = "Simple Instrument Tuner/Simple Instrument Tuner.entitlements";
				CODE_SIGN_IDENTITY = "iPhone Developer";
				CODE_SIGN_STYLE = Manual;
				CURRENT_PROJECT_VERSION = 1;
				DEVELOPMENT_TEAM = P2EQM7YAFH;
				INFOPLIST_FILE = "Simple Instrument Tuner/Info.plist";
				IPHONEOS_DEPLOYMENT_TARGET = 13.0;
				LD_RUNPATH_SEARCH_PATHS = (
					"$(inherited)",
					"@executable_path/Frameworks",
				);
				MARKETING_VERSION = 1.1;
				PRODUCT_BUNDLE_IDENTIFIER = ch.vormbrock.simpleinstrumenttuner;
				PRODUCT_NAME = "$(TARGET_NAME)";
				PROVISIONING_PROFILE_SPECIFIER = "Simple Instrument Tuner";
				SWIFT_VERSION = 5.0;
				TARGETED_DEVICE_FAMILY = "1,2";
			};
			name = Release;
		};
		65CCBF8024260DA100F518D8 /* Debug */ = {
			isa = XCBuildConfiguration;
			buildSettings = {
				ALWAYS_EMBED_SWIFT_STANDARD_LIBRARIES = YES;
				BUNDLE_LOADER = "$(TEST_HOST)";
				CODE_SIGN_STYLE = Automatic;
				INFOPLIST_FILE = "Simple Instrument TunerTests/Info.plist";
				IPHONEOS_DEPLOYMENT_TARGET = 13.2;
				LD_RUNPATH_SEARCH_PATHS = (
					"$(inherited)",
					"@executable_path/Frameworks",
					"@loader_path/Frameworks",
				);
				PRODUCT_BUNDLE_IDENTIFIER = "ch.vormbrock.Simple-Instrument-TunerTests";
				PRODUCT_NAME = "$(TARGET_NAME)";
				SWIFT_VERSION = 5.0;
				TARGETED_DEVICE_FAMILY = "1,2";
				TEST_HOST = "$(BUILT_PRODUCTS_DIR)/Simple Instrument Tuner.app/Simple Instrument Tuner";
			};
			name = Debug;
		};
		65CCBF8124260DA100F518D8 /* Release */ = {
			isa = XCBuildConfiguration;
			buildSettings = {
				ALWAYS_EMBED_SWIFT_STANDARD_LIBRARIES = YES;
				BUNDLE_LOADER = "$(TEST_HOST)";
				CODE_SIGN_STYLE = Automatic;
				INFOPLIST_FILE = "Simple Instrument TunerTests/Info.plist";
				IPHONEOS_DEPLOYMENT_TARGET = 13.2;
				LD_RUNPATH_SEARCH_PATHS = (
					"$(inherited)",
					"@executable_path/Frameworks",
					"@loader_path/Frameworks",
				);
				PRODUCT_BUNDLE_IDENTIFIER = "ch.vormbrock.Simple-Instrument-TunerTests";
				PRODUCT_NAME = "$(TARGET_NAME)";
				SWIFT_VERSION = 5.0;
				TARGETED_DEVICE_FAMILY = "1,2";
				TEST_HOST = "$(BUILT_PRODUCTS_DIR)/Simple Instrument Tuner.app/Simple Instrument Tuner";
			};
			name = Release;
		};
		65CCBF8324260DA100F518D8 /* Debug */ = {
			isa = XCBuildConfiguration;
			buildSettings = {
				ALWAYS_EMBED_SWIFT_STANDARD_LIBRARIES = YES;
				CODE_SIGN_STYLE = Automatic;
				INFOPLIST_FILE = "Simple Instrument TunerUITests/Info.plist";
				LD_RUNPATH_SEARCH_PATHS = (
					"$(inherited)",
					"@executable_path/Frameworks",
					"@loader_path/Frameworks",
				);
				PRODUCT_BUNDLE_IDENTIFIER = "ch.vormbrock.Simple-Instrument-TunerUITests";
				PRODUCT_NAME = "$(TARGET_NAME)";
				SWIFT_VERSION = 5.0;
				TARGETED_DEVICE_FAMILY = "1,2";
				TEST_TARGET_NAME = "Simple Instrument Tuner";
			};
			name = Debug;
		};
		65CCBF8424260DA100F518D8 /* Release */ = {
			isa = XCBuildConfiguration;
			buildSettings = {
				ALWAYS_EMBED_SWIFT_STANDARD_LIBRARIES = YES;
				CODE_SIGN_STYLE = Automatic;
				INFOPLIST_FILE = "Simple Instrument TunerUITests/Info.plist";
				LD_RUNPATH_SEARCH_PATHS = (
					"$(inherited)",
					"@executable_path/Frameworks",
					"@loader_path/Frameworks",
				);
				PRODUCT_BUNDLE_IDENTIFIER = "ch.vormbrock.Simple-Instrument-TunerUITests";
				PRODUCT_NAME = "$(TARGET_NAME)";
				SWIFT_VERSION = 5.0;
				TARGETED_DEVICE_FAMILY = "1,2";
				TEST_TARGET_NAME = "Simple Instrument Tuner";
			};
			name = Release;
		};
/* End XCBuildConfiguration section */

/* Begin XCConfigurationList section */
		65CCBF4D24260D9E00F518D8 /* Build configuration list for PBXProject "Simple Instrument Tuner" */ = {
			isa = XCConfigurationList;
			buildConfigurations = (
				65CCBF7A24260DA100F518D8 /* Debug */,
				65CCBF7B24260DA100F518D8 /* Release */,
			);
			defaultConfigurationIsVisible = 0;
			defaultConfigurationName = Release;
		};
		65CCBF7C24260DA100F518D8 /* Build configuration list for PBXNativeTarget "Simple Instrument Tuner" */ = {
			isa = XCConfigurationList;
			buildConfigurations = (
				65CCBF7D24260DA100F518D8 /* Debug */,
				65CCBF7E24260DA100F518D8 /* Release */,
			);
			defaultConfigurationIsVisible = 0;
			defaultConfigurationName = Release;
		};
		65CCBF7F24260DA100F518D8 /* Build configuration list for PBXNativeTarget "Simple Instrument TunerTests" */ = {
			isa = XCConfigurationList;
			buildConfigurations = (
				65CCBF8024260DA100F518D8 /* Debug */,
				65CCBF8124260DA100F518D8 /* Release */,
			);
			defaultConfigurationIsVisible = 0;
			defaultConfigurationName = Release;
		};
		65CCBF8224260DA100F518D8 /* Build configuration list for PBXNativeTarget "Simple Instrument TunerUITests" */ = {
			isa = XCConfigurationList;
			buildConfigurations = (
				65CCBF8324260DA100F518D8 /* Debug */,
				65CCBF8424260DA100F518D8 /* Release */,
			);
			defaultConfigurationIsVisible = 0;
			defaultConfigurationName = Release;
		};
/* End XCConfigurationList section */
	};
	rootObject = 65CCBF4A24260D9E00F518D8 /* Project object */;
}
